{
    "_meta": {
        "hash": {
            "sha256": "374bc052b402813bf007eafa765b911959dcad671d2291dda544be64d7452f93"
        },
        "pipfile-spec": 6,
        "requires": {
            "python_version": "3.12"
        },
        "sources": [
            {
                "name": "pypi",
                "url": "https://pypi.org/simple",
                "verify_ssl": true
            }
        ]
    },
    "default": {
        "yt-dlp": {
            "hashes": [
                "sha256:589d51ed9f154624a45c1f0ceb3d68d0d1e2031460e8dbc62139be631c20b388",
                "sha256:ed204c1b61bc563e134447766d1ab343173540799e13ebb953e887ce7dcf6865"
            ],
            "index": "pypi",
            "markers": "python_version >= '3.9'",
            "version": "==2024.11.4"
        }
    },
    "develop": {}
}
